// !$*UTF8*$!
{
	archiveVersion = 1;
	classes = {
	};
	objectVersion = 46;
	objects = {

/* Begin PBXBuildFile section */
		AE40A69E1A8946BB000DD45A /* main.m in Sources */ = {isa = PBXBuildFile; fileRef = AE40A69D1A8946BB000DD45A /* main.m */; };
		AE40A6A11A8946BB000DD45A /* AppDelegate.m in Sources */ = {isa = PBXBuildFile; fileRef = AE40A6A01A8946BB000DD45A /* AppDelegate.m */; };
		AE40A6A71A8946BB000DD45A /* Main.storyboard in Resources */ = {isa = PBXBuildFile; fileRef = AE40A6A51A8946BB000DD45A /* Main.storyboard */; };
		AE40A6A91A8946BB000DD45A /* Images.xcassets in Resources */ = {isa = PBXBuildFile; fileRef = AE40A6A81A8946BB000DD45A /* Images.xcassets */; };
		AE40A6AC1A8946BB000DD45A /* LaunchScreen.xib in Resources */ = {isa = PBXBuildFile; fileRef = AE40A6AA1A8946BB000DD45A /* LaunchScreen.xib */; };
		AE40A6B81A8946BB000DD45A /* Keep_FitTests.m in Sources */ = {isa = PBXBuildFile; fileRef = AE40A6B71A8946BB000DD45A /* Keep_FitTests.m */; };
		AE40A6C31A896755000DD45A /* AddGoalViewController.m in Sources */ = {isa = PBXBuildFile; fileRef = AE40A6C21A896755000DD45A /* AddGoalViewController.m */; };
		AE40A6C91A89680A000DD45A /* GoalListTableViewController.m in Sources */ = {isa = PBXBuildFile; fileRef = AE40A6C81A89680A000DD45A /* GoalListTableViewController.m */; };
		AE40A6CC1A89697D000DD45A /* KeepFitGoal.m in Sources */ = {isa = PBXBuildFile; fileRef = AE40A6CB1A89697D000DD45A /* KeepFitGoal.m */; };
		AE49D69D1A975F2C00A2C63C /* HistoryTableViewController.m in Sources */ = {isa = PBXBuildFile; fileRef = AE49D69C1A975F2C00A2C63C /* HistoryTableViewController.m */; };
		AE49D6A01A97629800A2C63C /* GoalHistory.m in Sources */ = {isa = PBXBuildFile; fileRef = AE49D69F1A97629800A2C63C /* GoalHistory.m */; };
		AE969A641A8BD1B80032B287 /* EditGoalViewController.m in Sources */ = {isa = PBXBuildFile; fileRef = AE969A631A8BD1B80032B287 /* EditGoalViewController.m */; };
		AEA0C38C1A8AB5BC00647E6E /* DBManager.m in Sources */ = {isa = PBXBuildFile; fileRef = AEA0C38B1A8AB5BC00647E6E /* DBManager.m */; };
		AEA0C38E1A8AB60500647E6E /* libsqlite3.dylib in Frameworks */ = {isa = PBXBuildFile; fileRef = AEA0C38D1A8AB60500647E6E /* libsqlite3.dylib */; };
		AEA0C3981A8ABD9100647E6E /* goalsDB.sql in Resources */ = {isa = PBXBuildFile; fileRef = AEA0C3971A8ABD9100647E6E /* goalsDB.sql */; };
		AEA0C39B1A8BBDFA00647E6E /* ViewGoalViewController.m in Sources */ = {isa = PBXBuildFile; fileRef = AEA0C39A1A8BBDFA00647E6E /* ViewGoalViewController.m */; };
/* End PBXBuildFile section */

/* Begin PBXContainerItemProxy section */
		AE40A6B21A8946BB000DD45A /* PBXContainerItemProxy */ = {
			isa = PBXContainerItemProxy;
			containerPortal = AE40A6901A8946BB000DD45A /* Project object */;
			proxyType = 1;
			remoteGlobalIDString = AE40A6971A8946BB000DD45A;
			remoteInfo = "Keep Fit";
		};
/* End PBXContainerItemProxy section */

/* Begin PBXFileReference section */
		AE40A6981A8946BB000DD45A /* Keep Fit.app */ = {isa = PBXFileReference; explicitFileType = wrapper.application; includeInIndex = 0; path = "Keep Fit.app"; sourceTree = BUILT_PRODUCTS_DIR; };
		AE40A69C1A8946BB000DD45A /* Info.plist */ = {isa = PBXFileReference; lastKnownFileType = text.plist.xml; path = Info.plist; sourceTree = "<group>"; };
		AE40A69D1A8946BB000DD45A /* main.m */ = {isa = PBXFileReference; lastKnownFileType = sourcecode.c.objc; path = main.m; sourceTree = "<group>"; };
		AE40A69F1A8946BB000DD45A /* AppDelegate.h */ = {isa = PBXFileReference; lastKnownFileType = sourcecode.c.h; path = AppDelegate.h; sourceTree = "<group>"; };
		AE40A6A01A8946BB000DD45A /* AppDelegate.m */ = {isa = PBXFileReference; lastKnownFileType = sourcecode.c.objc; path = AppDelegate.m; sourceTree = "<group>"; };
		AE40A6A61A8946BB000DD45A /* Base */ = {isa = PBXFileReference; lastKnownFileType = file.storyboard; name = Base; path = Base.lproj/Main.storyboard; sourceTree = "<group>"; };
		AE40A6A81A8946BB000DD45A /* Images.xcassets */ = {isa = PBXFileReference; lastKnownFileType = folder.assetcatalog; path = Images.xcassets; sourceTree = "<group>"; };
		AE40A6AB1A8946BB000DD45A /* Base */ = {isa = PBXFileReference; lastKnownFileType = file.xib; name = Base; path = Base.lproj/LaunchScreen.xib; sourceTree = "<group>"; };
		AE40A6B11A8946BB000DD45A /* Keep FitTests.xctest */ = {isa = PBXFileReference; explicitFileType = wrapper.cfbundle; includeInIndex = 0; path = "Keep FitTests.xctest"; sourceTree = BUILT_PRODUCTS_DIR; };
		AE40A6B61A8946BB000DD45A /* Info.plist */ = {isa = PBXFileReference; lastKnownFileType = text.plist.xml; path = Info.plist; sourceTree = "<group>"; };
		AE40A6B71A8946BB000DD45A /* Keep_FitTests.m */ = {isa = PBXFileReference; lastKnownFileType = sourcecode.c.objc; path = Keep_FitTests.m; sourceTree = "<group>"; };
		AE40A6C11A896755000DD45A /* AddGoalViewController.h */ = {isa = PBXFileReference; fileEncoding = 4; lastKnownFileType = sourcecode.c.h; path = AddGoalViewController.h; sourceTree = "<group>"; };
		AE40A6C21A896755000DD45A /* AddGoalViewController.m */ = {isa = PBXFileReference; fileEncoding = 4; lastKnownFileType = sourcecode.c.objc; path = AddGoalViewController.m; sourceTree = "<group>"; };
		AE40A6C71A89680A000DD45A /* GoalListTableViewController.h */ = {isa = PBXFileReference; fileEncoding = 4; lastKnownFileType = sourcecode.c.h; path = GoalListTableViewController.h; sourceTree = "<group>"; };
		AE40A6C81A89680A000DD45A /* GoalListTableViewController.m */ = {isa = PBXFileReference; fileEncoding = 4; lastKnownFileType = sourcecode.c.objc; path = GoalListTableViewController.m; sourceTree = "<group>"; };
		AE40A6CA1A89697D000DD45A /* KeepFitGoal.h */ = {isa = PBXFileReference; fileEncoding = 4; lastKnownFileType = sourcecode.c.h; path = KeepFitGoal.h; sourceTree = "<group>"; };
		AE40A6CB1A89697D000DD45A /* KeepFitGoal.m */ = {isa = PBXFileReference; fileEncoding = 4; lastKnownFileType = sourcecode.c.objc; path = KeepFitGoal.m; sourceTree = "<group>"; };
		AE49D69B1A975F2C00A2C63C /* HistoryTableViewController.h */ = {isa = PBXFileReference; fileEncoding = 4; lastKnownFileType = sourcecode.c.h; path = HistoryTableViewController.h; sourceTree = "<group>"; };
		AE49D69C1A975F2C00A2C63C /* HistoryTableViewController.m */ = {isa = PBXFileReference; fileEncoding = 4; lastKnownFileType = sourcecode.c.objc; path = HistoryTableViewController.m; sourceTree = "<group>"; };
		AE49D69E1A97629800A2C63C /* GoalHistory.h */ = {isa = PBXFileReference; fileEncoding = 4; lastKnownFileType = sourcecode.c.h; path = GoalHistory.h; sourceTree = "<group>"; };
		AE49D69F1A97629800A2C63C /* GoalHistory.m */ = {isa = PBXFileReference; fileEncoding = 4; lastKnownFileType = sourcecode.c.objc; path = GoalHistory.m; sourceTree = "<group>"; };
		AE969A621A8BD1B80032B287 /* EditGoalViewController.h */ = {isa = PBXFileReference; fileEncoding = 4; lastKnownFileType = sourcecode.c.h; path = EditGoalViewController.h; sourceTree = "<group>"; };
		AE969A631A8BD1B80032B287 /* EditGoalViewController.m */ = {isa = PBXFileReference; fileEncoding = 4; lastKnownFileType = sourcecode.c.objc; path = EditGoalViewController.m; sourceTree = "<group>"; };
		AEA0C38A1A8AB5BC00647E6E /* DBManager.h */ = {isa = PBXFileReference; fileEncoding = 4; lastKnownFileType = sourcecode.c.h; path = DBManager.h; sourceTree = "<group>"; };
		AEA0C38B1A8AB5BC00647E6E /* DBManager.m */ = {isa = PBXFileReference; fileEncoding = 4; lastKnownFileType = sourcecode.c.objc; path = DBManager.m; sourceTree = "<group>"; };
		AEA0C38D1A8AB60500647E6E /* libsqlite3.dylib */ = {isa = PBXFileReference; lastKnownFileType = "compiled.mach-o.dylib"; name = libsqlite3.dylib; path = usr/lib/libsqlite3.dylib; sourceTree = SDKROOT; };
		AEA0C3971A8ABD9100647E6E /* goalsDB.sql */ = {isa = PBXFileReference; lastKnownFileType = file; path = goalsDB.sql; sourceTree = "<group>"; };
		AEA0C3991A8BBDFA00647E6E /* ViewGoalViewController.h */ = {isa = PBXFileReference; fileEncoding = 4; lastKnownFileType = sourcecode.c.h; path = ViewGoalViewController.h; sourceTree = "<group>"; };
		AEA0C39A1A8BBDFA00647E6E /* ViewGoalViewController.m */ = {isa = PBXFileReference; fileEncoding = 4; lastKnownFileType = sourcecode.c.objc; path = ViewGoalViewController.m; sourceTree = "<group>"; };
/* End PBXFileReference section */

/* Begin PBXFrameworksBuildPhase section */
		AE40A6951A8946BB000DD45A /* Frameworks */ = {
			isa = PBXFrameworksBuildPhase;
			buildActionMask = 2147483647;
			files = (
				AEA0C38E1A8AB60500647E6E /* libsqlite3.dylib in Frameworks */,
			);
			runOnlyForDeploymentPostprocessing = 0;
		};
		AE40A6AE1A8946BB000DD45A /* Frameworks */ = {
			isa = PBXFrameworksBuildPhase;
			buildActionMask = 2147483647;
			files = (
			);
			runOnlyForDeploymentPostprocessing = 0;
		};
/* End PBXFrameworksBuildPhase section */

/* Begin PBXGroup section */
		AE40A68F1A8946BB000DD45A = {
			isa = PBXGroup;
			children = (
				AEA0C38D1A8AB60500647E6E /* libsqlite3.dylib */,
				AE40A69A1A8946BB000DD45A /* Keep Fit */,
				AE40A6B41A8946BB000DD45A /* Keep FitTests */,
				AE40A6991A8946BB000DD45A /* Products */,
			);
			sourceTree = "<group>";
		};
		AE40A6991A8946BB000DD45A /* Products */ = {
			isa = PBXGroup;
			children = (
				AE40A6981A8946BB000DD45A /* Keep Fit.app */,
				AE40A6B11A8946BB000DD45A /* Keep FitTests.xctest */,
			);
			name = Products;
			sourceTree = "<group>";
		};
		AE40A69A1A8946BB000DD45A /* Keep Fit */ = {
			isa = PBXGroup;
			children = (
				AE40A6C11A896755000DD45A /* AddGoalViewController.h */,
				AE40A6C21A896755000DD45A /* AddGoalViewController.m */,
				AE40A69F1A8946BB000DD45A /* AppDelegate.h */,
				AE40A6A01A8946BB000DD45A /* AppDelegate.m */,
				AEA0C38A1A8AB5BC00647E6E /* DBManager.h */,
				AEA0C38B1A8AB5BC00647E6E /* DBManager.m */,
				AE969A621A8BD1B80032B287 /* EditGoalViewController.h */,
				AE969A631A8BD1B80032B287 /* EditGoalViewController.m */,
				AE49D69E1A97629800A2C63C /* GoalHistory.h */,
				AE49D69F1A97629800A2C63C /* GoalHistory.m */,
				AE40A6C71A89680A000DD45A /* GoalListTableViewController.h */,
				AE40A6C81A89680A000DD45A /* GoalListTableViewController.m */,
				AEA0C3971A8ABD9100647E6E /* goalsDB.sql */,
				AE49D69B1A975F2C00A2C63C /* HistoryTableViewController.h */,
				AE49D69C1A975F2C00A2C63C /* HistoryTableViewController.m */,
				AE40A6CA1A89697D000DD45A /* KeepFitGoal.h */,
				AE40A6CB1A89697D000DD45A /* KeepFitGoal.m */,
				AEA0C3991A8BBDFA00647E6E /* ViewGoalViewController.h */,
				AEA0C39A1A8BBDFA00647E6E /* ViewGoalViewController.m */,
				AE40A6A51A8946BB000DD45A /* Main.storyboard */,
				AE40A6A81A8946BB000DD45A /* Images.xcassets */,
				AE40A6AA1A8946BB000DD45A /* LaunchScreen.xib */,
				AE40A69B1A8946BB000DD45A /* Supporting Files */,
			);
			path = "Keep Fit";
			sourceTree = "<group>";
		};
		AE40A69B1A8946BB000DD45A /* Supporting Files */ = {
			isa = PBXGroup;
			children = (
				AE40A69C1A8946BB000DD45A /* Info.plist */,
				AE40A69D1A8946BB000DD45A /* main.m */,
			);
			name = "Supporting Files";
			sourceTree = "<group>";
		};
		AE40A6B41A8946BB000DD45A /* Keep FitTests */ = {
			isa = PBXGroup;
			children = (
				AE40A6B71A8946BB000DD45A /* Keep_FitTests.m */,
				AE40A6B51A8946BB000DD45A /* Supporting Files */,
			);
			path = "Keep FitTests";
			sourceTree = "<group>";
		};
		AE40A6B51A8946BB000DD45A /* Supporting Files */ = {
			isa = PBXGroup;
			children = (
				AE40A6B61A8946BB000DD45A /* Info.plist */,
			);
			name = "Supporting Files";
			sourceTree = "<group>";
		};
/* End PBXGroup section */

/* Begin PBXNativeTarget section */
		AE40A6971A8946BB000DD45A /* Keep Fit */ = {
			isa = PBXNativeTarget;
			buildConfigurationList = AE40A6BB1A8946BB000DD45A /* Build configuration list for PBXNativeTarget "Keep Fit" */;
			buildPhases = (
				AE40A6941A8946BB000DD45A /* Sources */,
				AE40A6951A8946BB000DD45A /* Frameworks */,
				AE40A6961A8946BB000DD45A /* Resources */,
			);
			buildRules = (
			);
			dependencies = (
			);
			name = "Keep Fit";
			productName = "Keep Fit";
			productReference = AE40A6981A8946BB000DD45A /* Keep Fit.app */;
			productType = "com.apple.product-type.application";
		};
		AE40A6B01A8946BB000DD45A /* Keep FitTests */ = {
			isa = PBXNativeTarget;
			buildConfigurationList = AE40A6BE1A8946BB000DD45A /* Build configuration list for PBXNativeTarget "Keep FitTests" */;
			buildPhases = (
				AE40A6AD1A8946BB000DD45A /* Sources */,
				AE40A6AE1A8946BB000DD45A /* Frameworks */,
				AE40A6AF1A8946BB000DD45A /* Resources */,
			);
			buildRules = (
			);
			dependencies = (
				AE40A6B31A8946BB000DD45A /* PBXTargetDependency */,
			);
			name = "Keep FitTests";
			productName = "Keep FitTests";
			productReference = AE40A6B11A8946BB000DD45A /* Keep FitTests.xctest */;
			productType = "com.apple.product-type.bundle.unit-test";
		};
/* End PBXNativeTarget section */

/* Begin PBXProject section */
		AE40A6901A8946BB000DD45A /* Project object */ = {
			isa = PBXProject;
			attributes = {
				LastUpgradeCheck = 0610;
				ORGANIZATIONNAME = "Iain Cuthbertson";
				TargetAttributes = {
					AE40A6971A8946BB000DD45A = {
						CreatedOnToolsVersion = 6.1;
						DevelopmentTeam = CP4TSFS822;
					};
					AE40A6B01A8946BB000DD45A = {
						CreatedOnToolsVersion = 6.1;
						TestTargetID = AE40A6971A8946BB000DD45A;
					};
				};
			};
			buildConfigurationList = AE40A6931A8946BB000DD45A /* Build configuration list for PBXProject "Keep Fit" */;
			compatibilityVersion = "Xcode 3.2";
			developmentRegion = English;
			hasScannedForEncodings = 0;
			knownRegions = (
				en,
				Base,
			);
			mainGroup = AE40A68F1A8946BB000DD45A;
			productRefGroup = AE40A6991A8946BB000DD45A /* Products */;
			projectDirPath = "";
			projectRoot = "";
			targets = (
				AE40A6971A8946BB000DD45A /* Keep Fit */,
				AE40A6B01A8946BB000DD45A /* Keep FitTests */,
			);
		};
/* End PBXProject section */

/* Begin PBXResourcesBuildPhase section */
		AE40A6961A8946BB000DD45A /* Resources */ = {
			isa = PBXResourcesBuildPhase;
			buildActionMask = 2147483647;
			files = (
				AE40A6A71A8946BB000DD45A /* Main.storyboard in Resources */,
				AEA0C3981A8ABD9100647E6E /* goalsDB.sql in Resources */,
				AE40A6AC1A8946BB000DD45A /* LaunchScreen.xib in Resources */,
				AE40A6A91A8946BB000DD45A /* Images.xcassets in Resources */,
			);
			runOnlyForDeploymentPostprocessing = 0;
		};
		AE40A6AF1A8946BB000DD45A /* Resources */ = {
			isa = PBXResourcesBuildPhase;
			buildActionMask = 2147483647;
			files = (
			);
			runOnlyForDeploymentPostprocessing = 0;
		};
/* End PBXResourcesBuildPhase section */

/* Begin PBXSourcesBuildPhase section */
		AE40A6941A8946BB000DD45A /* Sources */ = {
			isa = PBXSourcesBuildPhase;
			buildActionMask = 2147483647;
			files = (
				AE49D69D1A975F2C00A2C63C /* HistoryTableViewController.m in Sources */,
				AE40A6A11A8946BB000DD45A /* AppDelegate.m in Sources */,
				AEA0C39B1A8BBDFA00647E6E /* ViewGoalViewController.m in Sources */,
				AE40A6C31A896755000DD45A /* AddGoalViewController.m in Sources */,
				AE969A641A8BD1B80032B287 /* EditGoalViewController.m in Sources */,
				AE49D6A01A97629800A2C63C /* GoalHistory.m in Sources */,
				AE40A6CC1A89697D000DD45A /* KeepFitGoal.m in Sources */,
				AEA0C38C1A8AB5BC00647E6E /* DBManager.m in Sources */,
				AE40A6C91A89680A000DD45A /* GoalListTableViewController.m in Sources */,
				AE40A69E1A8946BB000DD45A /* main.m in Sources */,
			);
			runOnlyForDeploymentPostprocessing = 0;
		};
		AE40A6AD1A8946BB000DD45A /* Sources */ = {
			isa = PBXSourcesBuildPhase;
			buildActionMask = 2147483647;
			files = (
				AE40A6B81A8946BB000DD45A /* Keep_FitTests.m in Sources */,
			);
			runOnlyForDeploymentPostprocessing = 0;
		};
/* End PBXSourcesBuildPhase section */

/* Begin PBXTargetDependency section */
		AE40A6B31A8946BB000DD45A /* PBXTargetDependency */ = {
			isa = PBXTargetDependency;
			target = AE40A6971A8946BB000DD45A /* Keep Fit */;
			targetProxy = AE40A6B21A8946BB000DD45A /* PBXContainerItemProxy */;
		};
/* End PBXTargetDependency section */

/* Begin PBXVariantGroup section */
		AE40A6A51A8946BB000DD45A /* Main.storyboard */ = {
			isa = PBXVariantGroup;
			children = (
				AE40A6A61A8946BB000DD45A /* Base */,
			);
			name = Main.storyboard;
			sourceTree = "<group>";
		};
		AE40A6AA1A8946BB000DD45A /* LaunchScreen.xib */ = {
			isa = PBXVariantGroup;
			children = (
				AE40A6AB1A8946BB000DD45A /* Base */,
			);
			name = LaunchScreen.xib;
			sourceTree = "<group>";
		};
/* End PBXVariantGroup section */

/* Begin XCBuildConfiguration section */
		AE40A6B91A8946BB000DD45A /* Debug */ = {
			isa = XCBuildConfiguration;
			buildSettings = {
				ALWAYS_SEARCH_USER_PATHS = NO;
				CLANG_CXX_LANGUAGE_STANDARD = "gnu++0x";
				CLANG_CXX_LIBRARY = "libc++";
				CLANG_ENABLE_MODULES = YES;
				CLANG_ENABLE_OBJC_ARC = YES;
				CLANG_WARN_BOOL_CONVERSION = YES;
				CLANG_WARN_CONSTANT_CONVERSION = YES;
				CLANG_WARN_DIRECT_OBJC_ISA_USAGE = YES_ERROR;
				CLANG_WARN_EMPTY_BODY = YES;
				CLANG_WARN_ENUM_CONVERSION = YES;
				CLANG_WARN_INT_CONVERSION = YES;
				CLANG_WARN_OBJC_ROOT_CLASS = YES_ERROR;
				CLANG_WARN_UNREACHABLE_CODE = YES;
				CLANG_WARN__DUPLICATE_METHOD_MATCH = YES;
				"CODE_SIGN_IDENTITY[sdk=iphoneos*]" = "iPhone Developer";
				COPY_PHASE_STRIP = NO;
				ENABLE_STRICT_OBJC_MSGSEND = YES;
				GCC_C_LANGUAGE_STANDARD = gnu99;
				GCC_DYNAMIC_NO_PIC = NO;
				GCC_OPTIMIZATION_LEVEL = 0;
				GCC_PREPROCESSOR_DEFINITIONS = (
					"DEBUG=1",
					"$(inherited)",
				);
				GCC_SYMBOLS_PRIVATE_EXTERN = NO;
				GCC_WARN_64_TO_32_BIT_CONVERSION = YES;
				GCC_WARN_ABOUT_RETURN_TYPE = YES_ERROR;
				GCC_WARN_UNDECLARED_SELECTOR = YES;
				GCC_WARN_UNINITIALIZED_AUTOS = YES_AGGRESSIVE;
				GCC_WARN_UNUSED_FUNCTION = YES;
				GCC_WARN_UNUSED_VARIABLE = YES;
				IPHONEOS_DEPLOYMENT_TARGET = 8.1;
				MTL_ENABLE_DEBUG_INFO = YES;
				ONLY_ACTIVE_ARCH = YES;
				SDKROOT = iphoneos;
			};
			name = Debug;
		};
		AE40A6BA1A8946BB000DD45A /* Release */ = {
			isa = XCBuildConfiguration;
			buildSettings = {
				ALWAYS_SEARCH_USER_PATHS = NO;
				CLANG_CXX_LANGUAGE_STANDARD = "gnu++0x";
				CLANG_CXX_LIBRARY = "libc++";
				CLANG_ENABLE_MODULES = YES;
				CLANG_ENABLE_OBJC_ARC = YES;
				CLANG_WARN_BOOL_CONVERSION = YES;
				CLANG_WARN_CONSTANT_CONVERSION = YES;
				CLANG_WARN_DIRECT_OBJC_ISA_USAGE = YES_ERROR;
				CLANG_WARN_EMPTY_BODY = YES;
				CLANG_WARN_ENUM_CONVERSION = YES;
				CLANG_WARN_INT_CONVERSION = YES;
				CLANG_WARN_OBJC_ROOT_CLASS = YES_ERROR;
				CLANG_WARN_UNREACHABLE_CODE = YES;
				CLANG_WARN__DUPLICATE_METHOD_MATCH = YES;
				"CODE_SIGN_IDENTITY[sdk=iphoneos*]" = "iPhone Developer";
				COPY_PHASE_STRIP = YES;
				ENABLE_NS_ASSERTIONS = NO;
				ENABLE_STRICT_OBJC_MSGSEND = YES;
				GCC_C_LANGUAGE_STANDARD = gnu99;
				GCC_WARN_64_TO_32_BIT_CONVERSION = YES;
				GCC_WARN_ABOUT_RETURN_TYPE = YES_ERROR;
				GCC_WARN_UNDECLARED_SELECTOR = YES;
				GCC_WARN_UNINITIALIZED_AUTOS = YES_AGGRESSIVE;
				GCC_WARN_UNUSED_FUNCTION = YES;
				GCC_WARN_UNUSED_VARIABLE = YES;
				IPHONEOS_DEPLOYMENT_TARGET = 8.1;
				MTL_ENABLE_DEBUG_INFO = NO;
				SDKROOT = iphoneos;
				VALIDATE_PRODUCT = YES;
			};
			name = Release;
		};
		AE40A6BC1A8946BB000DD45A /* Debug */ = {
			isa = XCBuildConfiguration;
			buildSettings = {
				ASSETCATALOG_COMPILER_APPICON_NAME = AppIcon;
				CODE_SIGN_IDENTITY = "iPhone Developer";
				INFOPLIST_FILE = "Keep Fit/Info.plist";
				LD_RUNPATH_SEARCH_PATHS = "$(inherited) @executable_path/Frameworks";
				PRODUCT_NAME = "$(TARGET_NAME)";
				TARGETED_DEVICE_FAMILY = 1;
			};
			name = Debug;
		};
		AE40A6BD1A8946BB000DD45A /* Release */ = {
			isa = XCBuildConfiguration;
			buildSettings = {
				ASSETCATALOG_COMPILER_APPICON_NAME = AppIcon;
				CODE_SIGN_IDENTITY = "iPhone Developer";
				INFOPLIST_FILE = "Keep Fit/Info.plist";
				LD_RUNPATH_SEARCH_PATHS = "$(inherited) @executable_path/Frameworks";
				PRODUCT_NAME = "$(TARGET_NAME)";
				TARGETED_DEVICE_FAMILY = 1;
			};
			name = Release;
		};
		AE40A6BF1A8946BB000DD45A /* Debug */ = {
			isa = XCBuildConfiguration;
			buildSettings = {
				BUNDLE_LOADER = "$(TEST_HOST)";
				FRAMEWORK_SEARCH_PATHS = (
					"$(SDKROOT)/Developer/Library/Frameworks",
					"$(inherited)",
				);
				GCC_PREPROCESSOR_DEFINITIONS = (
					"DEBUG=1",
					"$(inherited)",
				);
				INFOPLIST_FILE = "Keep FitTests/Info.plist";
				LD_RUNPATH_SEARCH_PATHS = "$(inherited) @executable_path/Frameworks @loader_path/Frameworks";
				PRODUCT_NAME = "$(TARGET_NAME)";
				TEST_HOST = "$(BUILT_PRODUCTS_DIR)/Keep Fit.app/Keep Fit";
			};
			name = Debug;
		};
		AE40A6C01A8946BB000DD45A /* Release */ = {
			isa = XCBuildConfiguration;
			buildSettings = {
				BUNDLE_LOADER = "$(TEST_HOST)";
				FRAMEWORK_SEARCH_PATHS = (
					"$(SDKROOT)/Developer/Library/Frameworks",
					"$(inherited)",
				);
				INFOPLIST_FILE = "Keep FitTests/Info.plist";
				LD_RUNPATH_SEARCH_PATHS = "$(inherited) @executable_path/Frameworks @loader_path/Frameworks";
				PRODUCT_NAME = "$(TARGET_NAME)";
				TEST_HOST = "$(BUILT_PRODUCTS_DIR)/Keep Fit.app/Keep Fit";
			};
			name = Release;
		};
/* End XCBuildConfiguration section */

/* Begin XCConfigurationList section */
		AE40A6931A8946BB000DD45A /* Build configuration list for PBXProject "Keep Fit" */ = {
			isa = XCConfigurationList;
			buildConfigurations = (
				AE40A6B91A8946BB000DD45A /* Debug */,
				AE40A6BA1A8946BB000DD45A /* Release */,
			);
			defaultConfigurationIsVisible = 0;
			defaultConfigurationName = Release;
		};
		AE40A6BB1A8946BB000DD45A /* Build configuration list for PBXNativeTarget "Keep Fit" */ = {
			isa = XCConfigurationList;
			buildConfigurations = (
				AE40A6BC1A8946BB000DD45A /* Debug */,
				AE40A6BD1A8946BB000DD45A /* Release */,
			);
			defaultConfigurationIsVisible = 0;
			defaultConfigurationName = Release;
		};
		AE40A6BE1A8946BB000DD45A /* Build configuration list for PBXNativeTarget "Keep FitTests" */ = {
			isa = XCConfigurationList;
			buildConfigurations = (
				AE40A6BF1A8946BB000DD45A /* Debug */,
				AE40A6C01A8946BB000DD45A /* Release */,
			);
			defaultConfigurationIsVisible = 0;
			defaultConfigurationName = Release;
		};
/* End XCConfigurationList section */
	};
	rootObject = AE40A6901A8946BB000DD45A /* Project object */;
}
